
Microsoft Visual Studio Solution File, Format Version 12.00
# Visual Studio Version 17
VisualStudioVersion = 17.8.34511.84
MinimumVisualStudioVersion = 10.0.40219.1
Project("{FAE04EC0-301F-11D3-BF4B-00C04F79EFBC}") = "GymManagement", "GymManagement\GymManagement.csproj", "{C2318F7C-AA1E-480F-A911-8E84E3A61164}"
EndProject
Global
	GlobalSection(SolutionConfigurationPlatforms) = preSolution
		Debug|Any CPU = Debug|Any CPU
		Release|Any CPU = Release|Any CPU
	EndGlobalSection
	GlobalSection(ProjectConfigurationPlatforms) = postSolution
		{C2318F7C-AA1E-480F-A911-8E84E3A61164}.Debug|Any CPU.ActiveCfg = Debug|Any CPU
		{C2318F7C-AA1E-480F-A911-8E84E3A61164}.Debug|Any CPU.Build.0 = Debug|Any CPU
		{C2318F7C-AA1E-480F-A911-8E84E3A61164}.Debug|Any CPU.Deploy.0 = Debug|Any CPU
		{C2318F7C-AA1E-480F-A911-8E84E3A61164}.Release|Any CPU.ActiveCfg = Release|Any CPU
		{C2318F7C-AA1E-480F-A911-8E84E3A61164}.Release|Any CPU.Build.0 = Release|Any CPU
		{C2318F7C-AA1E-480F-A911-8E84E3A61164}.Release|Any CPU.Deploy.0 = Release|Any CPU
	EndGlobalSection
	GlobalSection(SolutionProperties) = preSolution
		HideSolutionNode = FALSE
	EndGlobalSection
	GlobalSection(ExtensibilityGlobals) = postSolution
		SolutionGuid = {6D269F81-4931-492C-8F68-2D1226BD10DF}
	EndGlobalSection
EndGlobal
